// !$*UTF8*$!
{
	archiveVersion = 1;
	classes = {
	};
	objectVersion = 46;
	objects = {

/* Begin PBXBuildFile section */
		7396FB241BA1C454007EA007 /* AppDelegate.swift in Sources */ = {isa = PBXBuildFile; fileRef = 7396FB231BA1C454007EA007 /* AppDelegate.swift */; };
		7396FB261BA1C454007EA007 /* ViewController.swift in Sources */ = {isa = PBXBuildFile; fileRef = 7396FB251BA1C454007EA007 /* ViewController.swift */; };
		7396FB291BA1C454007EA007 /* Main.storyboard in Resources */ = {isa = PBXBuildFile; fileRef = 7396FB271BA1C454007EA007 /* Main.storyboard */; };
		7396FB2B1BA1C454007EA007 /* Images.xcassets in Resources */ = {isa = PBXBuildFile; fileRef = 7396FB2A1BA1C454007EA007 /* Images.xcassets */; };
		7396FB2E1BA1C454007EA007 /* LaunchScreen.xib in Resources */ = {isa = PBXBuildFile; fileRef = 7396FB2C1BA1C454007EA007 /* LaunchScreen.xib */; };
		7396FB3A1BA1C455007EA007 /* StopwatchTests.swift in Sources */ = {isa = PBXBuildFile; fileRef = 7396FB391BA1C455007EA007 /* StopwatchTests.swift */; };
/* End PBXBuildFile section */

/* Begin PBXContainerItemProxy section */
		7396FB341BA1C455007EA007 /* PBXContainerItemProxy */ = {
			isa = PBXContainerItemProxy;
			containerPortal = 7396FB161BA1C454007EA007 /* Project object */;
			proxyType = 1;
			remoteGlobalIDString = 7396FB1D1BA1C454007EA007;
			remoteInfo = Stopwatch;
		};
/* End PBXContainerItemProxy section */

/* Begin PBXFileReference section */
		7396FB1E1BA1C454007EA007 /* Stopwatch.app */ = {isa = PBXFileReference; explicitFileType = wrapper.application; includeInIndex = 0; path = Stopwatch.app; sourceTree = BUILT_PRODUCTS_DIR; };
		7396FB221BA1C454007EA007 /* Info.plist */ = {isa = PBXFileReference; lastKnownFileType = text.plist.xml; path = Info.plist; sourceTree = "<group>"; };
		7396FB231BA1C454007EA007 /* AppDelegate.swift */ = {isa = PBXFileReference; lastKnownFileType = sourcecode.swift; path = AppDelegate.swift; sourceTree = "<group>"; };
		7396FB251BA1C454007EA007 /* ViewController.swift */ = {isa = PBXFileReference; lastKnownFileType = sourcecode.swift; path = ViewController.swift; sourceTree = "<group>"; };
		7396FB281BA1C454007EA007 /* Base */ = {isa = PBXFileReference; lastKnownFileType = file.storyboard; name = Base; path = Base.lproj/Main.storyboard; sourceTree = "<group>"; };
		7396FB2A1BA1C454007EA007 /* Images.xcassets */ = {isa = PBXFileReference; lastKnownFileType = folder.assetcatalog; path = Images.xcassets; sourceTree = "<group>"; };
		7396FB2D1BA1C454007EA007 /* Base */ = {isa = PBXFileReference; lastKnownFileType = file.xib; name = Base; path = Base.lproj/LaunchScreen.xib; sourceTree = "<group>"; };
		7396FB331BA1C455007EA007 /* StopwatchTests.xctest */ = {isa = PBXFileReference; explicitFileType = wrapper.cfbundle; includeInIndex = 0; path = StopwatchTests.xctest; sourceTree = BUILT_PRODUCTS_DIR; };
		7396FB381BA1C455007EA007 /* Info.plist */ = {isa = PBXFileReference; lastKnownFileType = text.plist.xml; path = Info.plist; sourceTree = "<group>"; };
		7396FB391BA1C455007EA007 /* StopwatchTests.swift */ = {isa = PBXFileReference; lastKnownFileType = sourcecode.swift; path = StopwatchTests.swift; sourceTree = "<group>"; };
/* End PBXFileReference section */

/* Begin PBXFrameworksBuildPhase section */
		7396FB1B1BA1C454007EA007 /* Frameworks */ = {
			isa = PBXFrameworksBuildPhase;
			buildActionMask = 2147483647;
			files = (
			);
			runOnlyForDeploymentPostprocessing = 0;
		};
		7396FB301BA1C455007EA007 /* Frameworks */ = {
			isa = PBXFrameworksBuildPhase;
			buildActionMask = 2147483647;
			files = (
			);
			runOnlyForDeploymentPostprocessing = 0;
		};
/* End PBXFrameworksBuildPhase section */

/* Begin PBXGroup section */
		7396FB151BA1C454007EA007 = {
			isa = PBXGroup;
			children = (
				7396FB201BA1C454007EA007 /* Stopwatch */,
				7396FB361BA1C455007EA007 /* StopwatchTests */,
				7396FB1F1BA1C454007EA007 /* Products */,
			);
			sourceTree = "<group>";
		};
		7396FB1F1BA1C454007EA007 /* Products */ = {
			isa = PBXGroup;
			children = (
				7396FB1E1BA1C454007EA007 /* Stopwatch.app */,
				7396FB331BA1C455007EA007 /* StopwatchTests.xctest */,
			);
			name = Products;
			sourceTree = "<group>";
		};
		7396FB201BA1C454007EA007 /* Stopwatch */ = {
			isa = PBXGroup;
			children = (
				7396FB231BA1C454007EA007 /* AppDelegate.swift */,
				7396FB251BA1C454007EA007 /* ViewController.swift */,
				7396FB271BA1C454007EA007 /* Main.storyboard */,
				7396FB2A1BA1C454007EA007 /* Images.xcassets */,
				7396FB2C1BA1C454007EA007 /* LaunchScreen.xib */,
				7396FB211BA1C454007EA007 /* Supporting Files */,
			);
			path = Stopwatch;
			sourceTree = "<group>";
		};
		7396FB211BA1C454007EA007 /* Supporting Files */ = {
			isa = PBXGroup;
			children = (
				7396FB221BA1C454007EA007 /* Info.plist */,
			);
			name = "Supporting Files";
			sourceTree = "<group>";
		};
		7396FB361BA1C455007EA007 /* StopwatchTests */ = {
			isa = PBXGroup;
			children = (
				7396FB391BA1C455007EA007 /* StopwatchTests.swift */,
				7396FB371BA1C455007EA007 /* Supporting Files */,
			);
			path = StopwatchTests;
			sourceTree = "<group>";
		};
		7396FB371BA1C455007EA007 /* Supporting Files */ = {
			isa = PBXGroup;
			children = (
				7396FB381BA1C455007EA007 /* Info.plist */,
			);
			name = "Supporting Files";
			sourceTree = "<group>";
		};
/* End PBXGroup section */

/* Begin PBXNativeTarget section */
		7396FB1D1BA1C454007EA007 /* Stopwatch */ = {
			isa = PBXNativeTarget;
			buildConfigurationList = 7396FB3D1BA1C455007EA007 /* Build configuration list for PBXNativeTarget "Stopwatch" */;
			buildPhases = (
				7396FB1A1BA1C454007EA007 /* Sources */,
				7396FB1B1BA1C454007EA007 /* Frameworks */,
				7396FB1C1BA1C454007EA007 /* Resources */,
			);
			buildRules = (
			);
			dependencies = (
			);
			name = Stopwatch;
			productName = Stopwatch;
			productReference = 7396FB1E1BA1C454007EA007 /* Stopwatch.app */;
			productType = "com.apple.product-type.application";
		};
		7396FB321BA1C455007EA007 /* StopwatchTests */ = {
			isa = PBXNativeTarget;
			buildConfigurationList = 7396FB401BA1C455007EA007 /* Build configuration list for PBXNativeTarget "StopwatchTests" */;
			buildPhases = (
				7396FB2F1BA1C455007EA007 /* Sources */,
				7396FB301BA1C455007EA007 /* Frameworks */,
				7396FB311BA1C455007EA007 /* Resources */,
			);
			buildRules = (
			);
			dependencies = (
				7396FB351BA1C455007EA007 /* PBXTargetDependency */,
			);
			name = StopwatchTests;
			productName = StopwatchTests;
			productReference = 7396FB331BA1C455007EA007 /* StopwatchTests.xctest */;
			productType = "com.apple.product-type.bundle.unit-test";
		};
/* End PBXNativeTarget section */

/* Begin PBXProject section */
		7396FB161BA1C454007EA007 /* Project object */ = {
			isa = PBXProject;
			attributes = {
				LastUpgradeCheck = 0640;
				ORGANIZATIONNAME = RLDT;
				TargetAttributes = {
					7396FB1D1BA1C454007EA007 = {
						CreatedOnToolsVersion = 6.4;
					};
					7396FB321BA1C455007EA007 = {
						CreatedOnToolsVersion = 6.4;
						TestTargetID = 7396FB1D1BA1C454007EA007;
					};
				};
			};
			buildConfigurationList = 7396FB191BA1C454007EA007 /* Build configuration list for PBXProject "Stopwatch" */;
			compatibilityVersion = "Xcode 3.2";
			developmentRegion = English;
			hasScannedForEncodings = 0;
			knownRegions = (
				en,
				Base,
			);
			mainGroup = 7396FB151BA1C454007EA007;
			productRefGroup = 7396FB1F1BA1C454007EA007 /* Products */;
			projectDirPath = "";
			projectRoot = "";
			targets = (
				7396FB1D1BA1C454007EA007 /* Stopwatch */,
				7396FB321BA1C455007EA007 /* StopwatchTests */,
			);
		};
/* End PBXProject section */

/* Begin PBXResourcesBuildPhase section */
		7396FB1C1BA1C454007EA007 /* Resources */ = {
			isa = PBXResourcesBuildPhase;
			buildActionMask = 2147483647;
			files = (
				7396FB291BA1C454007EA007 /* Main.storyboard in Resources */,
				7396FB2E1BA1C454007EA007 /* LaunchScreen.xib in Resources */,
				7396FB2B1BA1C454007EA007 /* Images.xcassets in Resources */,
			);
			runOnlyForDeploymentPostprocessing = 0;
		};
		7396FB311BA1C455007EA007 /* Resources */ = {
			isa = PBXResourcesBuildPhase;
			buildActionMask = 2147483647;
			files = (
			);
			runOnlyForDeploymentPostprocessing = 0;
		};
/* End PBXResourcesBuildPhase section */

/* Begin PBXSourcesBuildPhase section */
		7396FB1A1BA1C454007EA007 /* Sources */ = {
			isa = PBXSourcesBuildPhase;
			buildActionMask = 2147483647;
			files = (
				7396FB261BA1C454007EA007 /* ViewController.swift in Sources */,
				7396FB241BA1C454007EA007 /* AppDelegate.swift in Sources */,
			);
			runOnlyForDeploymentPostprocessing = 0;
		};
		7396FB2F1BA1C455007EA007 /* Sources */ = {
			isa = PBXSourcesBuildPhase;
			buildActionMask = 2147483647;
			files = (
				7396FB3A1BA1C455007EA007 /* StopwatchTests.swift in Sources */,
			);
			runOnlyForDeploymentPostprocessing = 0;
		};
/* End PBXSourcesBuildPhase section */

/* Begin PBXTargetDependency section */
		7396FB351BA1C455007EA007 /* PBXTargetDependency */ = {
			isa = PBXTargetDependency;
			target = 7396FB1D1BA1C454007EA007 /* Stopwatch */;
			targetProxy = 7396FB341BA1C455007EA007 /* PBXContainerItemProxy */;
		};
/* End PBXTargetDependency section */

/* Begin PBXVariantGroup section */
		7396FB271BA1C454007EA007 /* Main.storyboard */ = {
			isa = PBXVariantGroup;
			children = (
				7396FB281BA1C454007EA007 /* Base */,
			);
			name = Main.storyboard;
			sourceTree = "<group>";
		};
		7396FB2C1BA1C454007EA007 /* LaunchScreen.xib */ = {
			isa = PBXVariantGroup;
			children = (
				7396FB2D1BA1C454007EA007 /* Base */,
			);
			name = LaunchScreen.xib;
			sourceTree = "<group>";
		};
/* End PBXVariantGroup section */

/* Begin XCBuildConfiguration section */
		7396FB3B1BA1C455007EA007 /* Debug */ = {
			isa = XCBuildConfiguration;
			buildSettings = {
				ALWAYS_SEARCH_USER_PATHS = NO;
				CLANG_CXX_LANGUAGE_STANDARD = "gnu++0x";
				CLANG_CXX_LIBRARY = "libc++";
				CLANG_ENABLE_MODULES = YES;
				CLANG_ENABLE_OBJC_ARC = YES;
				CLANG_WARN_BOOL_CONVERSION = YES;
				CLANG_WARN_CONSTANT_CONVERSION = YES;
				CLANG_WARN_DIRECT_OBJC_ISA_USAGE = YES_ERROR;
				CLANG_WARN_EMPTY_BODY = YES;
				CLANG_WARN_ENUM_CONVERSION = YES;
				CLANG_WARN_INT_CONVERSION = YES;
				CLANG_WARN_OBJC_ROOT_CLASS = YES_ERROR;
				CLANG_WARN_UNREACHABLE_CODE = YES;
				CLANG_WARN__DUPLICATE_METHOD_MATCH = YES;
				"CODE_SIGN_IDENTITY[sdk=iphoneos*]" = "iPhone Developer";
				COPY_PHASE_STRIP = NO;
				DEBUG_INFORMATION_FORMAT = "dwarf-with-dsym";
				ENABLE_STRICT_OBJC_MSGSEND = YES;
				GCC_C_LANGUAGE_STANDARD = gnu99;
				GCC_DYNAMIC_NO_PIC = NO;
				GCC_NO_COMMON_BLOCKS = YES;
				GCC_OPTIMIZATION_LEVEL = 0;
				GCC_PREPROCESSOR_DEFINITIONS = (
					"DEBUG=1",
					"$(inherited)",
				);
				GCC_SYMBOLS_PRIVATE_EXTERN = NO;
				GCC_WARN_64_TO_32_BIT_CONVERSION = YES;
				GCC_WARN_ABOUT_RETURN_TYPE = YES_ERROR;
				GCC_WARN_UNDECLARED_SELECTOR = YES;
				GCC_WARN_UNINITIALIZED_AUTOS = YES_AGGRESSIVE;
				GCC_WARN_UNUSED_FUNCTION = YES;
				GCC_WARN_UNUSED_VARIABLE = YES;
				IPHONEOS_DEPLOYMENT_TARGET = 8.4;
				MTL_ENABLE_DEBUG_INFO = YES;
				ONLY_ACTIVE_ARCH = YES;
				SDKROOT = iphoneos;
				SWIFT_OPTIMIZATION_LEVEL = "-Onone";
			};
			name = Debug;
		};
		7396FB3C1BA1C455007EA007 /* Release */ = {
			isa = XCBuildConfiguration;
			buildSettings = {
				ALWAYS_SEARCH_USER_PATHS = NO;
				CLANG_CXX_LANGUAGE_STANDARD = "gnu++0x";
				CLANG_CXX_LIBRARY = "libc++";
				CLANG_ENABLE_MODULES = YES;
				CLANG_ENABLE_OBJC_ARC = YES;
				CLANG_WARN_BOOL_CONVERSION = YES;
				CLANG_WARN_CONSTANT_CONVERSION = YES;
				CLANG_WARN_DIRECT_OBJC_ISA_USAGE = YES_ERROR;
				CLANG_WARN_EMPTY_BODY = YES;
				CLANG_WARN_ENUM_CONVERSION = YES;
				CLANG_WARN_INT_CONVERSION = YES;
				CLANG_WARN_OBJC_ROOT_CLASS = YES_ERROR;
				CLANG_WARN_UNREACHABLE_CODE = YES;
				CLANG_WARN__DUPLICATE_METHOD_MATCH = YES;
				"CODE_SIGN_IDENTITY[sdk=iphoneos*]" = "iPhone Developer";
				COPY_PHASE_STRIP = NO;
				DEBUG_INFORMATION_FORMAT = "dwarf-with-dsym";
				ENABLE_NS_ASSERTIONS = NO;
				ENABLE_STRICT_OBJC_MSGSEND = YES;
				GCC_C_LANGUAGE_STANDARD = gnu99;
				GCC_NO_COMMON_BLOCKS = YES;
				GCC_WARN_64_TO_32_BIT_CONVERSION = YES;
				GCC_WARN_ABOUT_RETURN_TYPE = YES_ERROR;
				GCC_WARN_UNDECLARED_SELECTOR = YES;
				GCC_WARN_UNINITIALIZED_AUTOS = YES_AGGRESSIVE;
				GCC_WARN_UNUSED_FUNCTION = YES;
				GCC_WARN_UNUSED_VARIABLE = YES;
				IPHONEOS_DEPLOYMENT_TARGET = 8.4;
				MTL_ENABLE_DEBUG_INFO = NO;
				SDKROOT = iphoneos;
				VALIDATE_PRODUCT = YES;
			};
			name = Release;
		};
		7396FB3E1BA1C455007EA007 /* Debug */ = {
			isa = XCBuildConfiguration;
			buildSettings = {
				ASSETCATALOG_COMPILER_APPICON_NAME = AppIcon;
				INFOPLIST_FILE = Stopwatch/Info.plist;
				LD_RUNPATH_SEARCH_PATHS = "$(inherited) @executable_path/Frameworks";
				PRODUCT_NAME = "$(TARGET_NAME)";
			};
			name = Debug;
		};
		7396FB3F1BA1C455007EA007 /* Release */ = {
			isa = XCBuildConfiguration;
			buildSettings = {
				ASSETCATALOG_COMPILER_APPICON_NAME = AppIcon;
				INFOPLIST_FILE = Stopwatch/Info.plist;
				LD_RUNPATH_SEARCH_PATHS = "$(inherited) @executable_path/Frameworks";
				PRODUCT_NAME = "$(TARGET_NAME)";
			};
			name = Release;
		};
		7396FB411BA1C455007EA007 /* Debug */ = {
			isa = XCBuildConfiguration;
			buildSettings = {
				BUNDLE_LOADER = "$(TEST_HOST)";
				FRAMEWORK_SEARCH_PATHS = (
					"$(SDKROOT)/Developer/Library/Frameworks",
					"$(inherited)",
				);
				GCC_PREPROCESSOR_DEFINITIONS = (
					"DEBUG=1",
					"$(inherited)",
				);
				INFOPLIST_FILE = StopwatchTests/Info.plist;
				LD_RUNPATH_SEARCH_PATHS = "$(inherited) @executable_path/Frameworks @loader_path/Frameworks";
				PRODUCT_NAME = "$(TARGET_NAME)";
				TEST_HOST = "$(BUILT_PRODUCTS_DIR)/Stopwatch.app/Stopwatch";
			};
			name = Debug;
		};
		7396FB421BA1C455007EA007 /* Release */ = {
			isa = XCBuildConfiguration;
			buildSettings = {
				BUNDLE_LOADER = "$(TEST_HOST)";
				FRAMEWORK_SEARCH_PATHS = (
					"$(SDKROOT)/Developer/Library/Frameworks",
					"$(inherited)",
				);
				INFOPLIST_FILE = StopwatchTests/Info.plist;
				LD_RUNPATH_SEARCH_PATHS = "$(inherited) @executable_path/Frameworks @loader_path/Frameworks";
				PRODUCT_NAME = "$(TARGET_NAME)";
				TEST_HOST = "$(BUILT_PRODUCTS_DIR)/Stopwatch.app/Stopwatch";
			};
			name = Release;
		};
/* End XCBuildConfiguration section */

/* Begin XCConfigurationList section */
		7396FB191BA1C454007EA007 /* Build configuration list for PBXProject "Stopwatch" */ = {
			isa = XCConfigurationList;
			buildConfigurations = (
				7396FB3B1BA1C455007EA007 /* Debug */,
				7396FB3C1BA1C455007EA007 /* Release */,
			);
			defaultConfigurationIsVisible = 0;
			defaultConfigurationName = Release;
		};
		7396FB3D1BA1C455007EA007 /* Build configuration list for PBXNativeTarget "Stopwatch" */ = {
			isa = XCConfigurationList;
			buildConfigurations = (
				7396FB3E1BA1C455007EA007 /* Debug */,
				7396FB3F1BA1C455007EA007 /* Release */,
			);
			defaultConfigurationIsVisible = 0;
		};
		7396FB401BA1C455007EA007 /* Build configuration list for PBXNativeTarget "StopwatchTests" */ = {
			isa = XCConfigurationList;
			buildConfigurations = (
				7396FB411BA1C455007EA007 /* Debug */,
				7396FB421BA1C455007EA007 /* Release */,
			);
			defaultConfigurationIsVisible = 0;
		};
/* End XCConfigurationList section */
	};
	rootObject = 7396FB161BA1C454007EA007 /* Project object */;
}
